// !$*UTF8*$!
{
	archiveVersion = 1;
	classes = {
	};
	objectVersion = 50;
	objects = {

/* Begin PBXBuildFile section */
		8D5FFA14219EC8A000B0B1C5 /* TestActivityManager.swift in Sources */ = {isa = PBXBuildFile; fileRef = 8D5FFA10219EC89F00B0B1C5 /* TestActivityManager.swift */; };
		8D5FFA15219EC8A000B0B1C5 /* TestAlertManager.swift in Sources */ = {isa = PBXBuildFile; fileRef = 8D5FFA11219EC89F00B0B1C5 /* TestAlertManager.swift */; };
		8D5FFA1E219EC8B500B0B1C5 /* AlertManager.swift in Sources */ = {isa = PBXBuildFile; fileRef = 8D5FFA1A219EC8B500B0B1C5 /* AlertManager.swift */; };
		8D5FFA1F219EC8B500B0B1C5 /* ActivityIndicatorManager.swift in Sources */ = {isa = PBXBuildFile; fileRef = 8D5FFA1B219EC8B500B0B1C5 /* ActivityIndicatorManager.swift */; };
		8D9FF5352108567800A0124E /* AppDelegate.swift in Sources */ = {isa = PBXBuildFile; fileRef = 8D9FF5342108567800A0124E /* AppDelegate.swift */; };
		8D9FF5372108567800A0124E /* ViewController.swift in Sources */ = {isa = PBXBuildFile; fileRef = 8D9FF5362108567800A0124E /* ViewController.swift */; };
		8D9FF53A2108567800A0124E /* Main.storyboard in Resources */ = {isa = PBXBuildFile; fileRef = 8D9FF5382108567800A0124E /* Main.storyboard */; };
		8D9FF53D2108567800A0124E /* TestO.xcdatamodeld in Sources */ = {isa = PBXBuildFile; fileRef = 8D9FF53B2108567800A0124E /* TestO.xcdatamodeld */; };
		8D9FF53F2108567B00A0124E /* Assets.xcassets in Resources */ = {isa = PBXBuildFile; fileRef = 8D9FF53E2108567B00A0124E /* Assets.xcassets */; };
		8D9FF5422108567B00A0124E /* LaunchScreen.storyboard in Resources */ = {isa = PBXBuildFile; fileRef = 8D9FF5402108567B00A0124E /* LaunchScreen.storyboard */; };
		8D9FF5582108567B00A0124E /* TestOUITests.swift in Sources */ = {isa = PBXBuildFile; fileRef = 8D9FF5572108567B00A0124E /* TestOUITests.swift */; };
/* End PBXBuildFile section */

/* Begin PBXContainerItemProxy section */
		8D9FF5492108567B00A0124E /* PBXContainerItemProxy */ = {
			isa = PBXContainerItemProxy;
			containerPortal = 8D9FF5292108567800A0124E /* Project object */;
			proxyType = 1;
			remoteGlobalIDString = 8D9FF5302108567800A0124E;
			remoteInfo = TestO;
		};
		8D9FF5542108567B00A0124E /* PBXContainerItemProxy */ = {
			isa = PBXContainerItemProxy;
			containerPortal = 8D9FF5292108567800A0124E /* Project object */;
			proxyType = 1;
			remoteGlobalIDString = 8D9FF5302108567800A0124E;
			remoteInfo = TestO;
		};
/* End PBXContainerItemProxy section */

/* Begin PBXFileReference section */
		8D5FFA10219EC89F00B0B1C5 /* TestActivityManager.swift */ = {isa = PBXFileReference; fileEncoding = 4; lastKnownFileType = sourcecode.swift; path = TestActivityManager.swift; sourceTree = "<group>"; };
		8D5FFA11219EC89F00B0B1C5 /* TestAlertManager.swift */ = {isa = PBXFileReference; fileEncoding = 4; lastKnownFileType = sourcecode.swift; path = TestAlertManager.swift; sourceTree = "<group>"; };
		8D5FFA1A219EC8B500B0B1C5 /* AlertManager.swift */ = {isa = PBXFileReference; fileEncoding = 4; lastKnownFileType = sourcecode.swift; path = AlertManager.swift; sourceTree = "<group>"; };
		8D5FFA1B219EC8B500B0B1C5 /* ActivityIndicatorManager.swift */ = {isa = PBXFileReference; fileEncoding = 4; lastKnownFileType = sourcecode.swift; path = ActivityIndicatorManager.swift; sourceTree = "<group>"; };
		8D9FF5312108567800A0124E /* TestO.app */ = {isa = PBXFileReference; explicitFileType = wrapper.application; includeInIndex = 0; path = TestO.app; sourceTree = BUILT_PRODUCTS_DIR; };
		8D9FF5342108567800A0124E /* AppDelegate.swift */ = {isa = PBXFileReference; lastKnownFileType = sourcecode.swift; path = AppDelegate.swift; sourceTree = "<group>"; };
		8D9FF5362108567800A0124E /* ViewController.swift */ = {isa = PBXFileReference; lastKnownFileType = sourcecode.swift; path = ViewController.swift; sourceTree = "<group>"; };
		8D9FF5392108567800A0124E /* Base */ = {isa = PBXFileReference; lastKnownFileType = file.storyboard; name = Base; path = Base.lproj/Main.storyboard; sourceTree = "<group>"; };
		8D9FF53C2108567800A0124E /* TestO.xcdatamodel */ = {isa = PBXFileReference; lastKnownFileType = wrapper.xcdatamodel; path = TestO.xcdatamodel; sourceTree = "<group>"; };
		8D9FF53E2108567B00A0124E /* Assets.xcassets */ = {isa = PBXFileReference; lastKnownFileType = folder.assetcatalog; path = Assets.xcassets; sourceTree = "<group>"; };
		8D9FF5412108567B00A0124E /* Base */ = {isa = PBXFileReference; lastKnownFileType = file.storyboard; name = Base; path = Base.lproj/LaunchScreen.storyboard; sourceTree = "<group>"; };
		8D9FF5432108567B00A0124E /* Info.plist */ = {isa = PBXFileReference; lastKnownFileType = text.plist.xml; path = Info.plist; sourceTree = "<group>"; };
		8D9FF5482108567B00A0124E /* TestOTests.xctest */ = {isa = PBXFileReference; explicitFileType = wrapper.cfbundle; includeInIndex = 0; path = TestOTests.xctest; sourceTree = BUILT_PRODUCTS_DIR; };
		8D9FF54E2108567B00A0124E /* Info.plist */ = {isa = PBXFileReference; lastKnownFileType = text.plist.xml; path = Info.plist; sourceTree = "<group>"; };
		8D9FF5532108567B00A0124E /* TestOUITests.xctest */ = {isa = PBXFileReference; explicitFileType = wrapper.cfbundle; includeInIndex = 0; path = TestOUITests.xctest; sourceTree = BUILT_PRODUCTS_DIR; };
		8D9FF5572108567B00A0124E /* TestOUITests.swift */ = {isa = PBXFileReference; lastKnownFileType = sourcecode.swift; path = TestOUITests.swift; sourceTree = "<group>"; };
		8D9FF5592108567B00A0124E /* Info.plist */ = {isa = PBXFileReference; lastKnownFileType = text.plist.xml; path = Info.plist; sourceTree = "<group>"; };
/* End PBXFileReference section */

/* Begin PBXFrameworksBuildPhase section */
		8D9FF52E2108567800A0124E /* Frameworks */ = {
			isa = PBXFrameworksBuildPhase;
			buildActionMask = 2147483647;
			files = (
			);
			runOnlyForDeploymentPostprocessing = 0;
		};
		8D9FF5452108567B00A0124E /* Frameworks */ = {
			isa = PBXFrameworksBuildPhase;
			buildActionMask = 2147483647;
			files = (
			);
			runOnlyForDeploymentPostprocessing = 0;
		};
		8D9FF5502108567B00A0124E /* Frameworks */ = {
			isa = PBXFrameworksBuildPhase;
			buildActionMask = 2147483647;
			files = (
			);
			runOnlyForDeploymentPostprocessing = 0;
		};
/* End PBXFrameworksBuildPhase section */

/* Begin PBXGroup section */
		8D5FFA17219EC8B500B0B1C5 /* Misc */ = {
			isa = PBXGroup;
			children = (
				8D5FFA1A219EC8B500B0B1C5 /* AlertManager.swift */,
				8D5FFA1B219EC8B500B0B1C5 /* ActivityIndicatorManager.swift */,
			);
			path = Misc;
			sourceTree = "<group>";
		};
		8D9FF5282108567800A0124E = {
			isa = PBXGroup;
			children = (
				8D9FF5332108567800A0124E /* TestO */,
				8D9FF54B2108567B00A0124E /* TestOTests */,
				8D9FF5562108567B00A0124E /* TestOUITests */,
				8D9FF5322108567800A0124E /* Products */,
			);
			sourceTree = "<group>";
		};
		8D9FF5322108567800A0124E /* Products */ = {
			isa = PBXGroup;
			children = (
				8D9FF5312108567800A0124E /* TestO.app */,
				8D9FF5482108567B00A0124E /* TestOTests.xctest */,
				8D9FF5532108567B00A0124E /* TestOUITests.xctest */,
			);
			name = Products;
			sourceTree = "<group>";
		};
		8D9FF5332108567800A0124E /* TestO */ = {
			isa = PBXGroup;
			children = (
				8D5FFA17219EC8B500B0B1C5 /* Misc */,
				8D9FF5342108567800A0124E /* AppDelegate.swift */,
				8D9FF5362108567800A0124E /* ViewController.swift */,
				8D9FF5382108567800A0124E /* Main.storyboard */,
				8D9FF53E2108567B00A0124E /* Assets.xcassets */,
				8D9FF5402108567B00A0124E /* LaunchScreen.storyboard */,
				8D9FF5432108567B00A0124E /* Info.plist */,
				8D9FF53B2108567800A0124E /* TestO.xcdatamodeld */,
			);
			path = TestO;
			sourceTree = "<group>";
		};
		8D9FF54B2108567B00A0124E /* TestOTests */ = {
			isa = PBXGroup;
			children = (
				8D5FFA10219EC89F00B0B1C5 /* TestActivityManager.swift */,
				8D5FFA11219EC89F00B0B1C5 /* TestAlertManager.swift */,
				8D9FF54E2108567B00A0124E /* Info.plist */,
			);
			path = TestOTests;
			sourceTree = "<group>";
		};
		8D9FF5562108567B00A0124E /* TestOUITests */ = {
			isa = PBXGroup;
			children = (
				8D9FF5572108567B00A0124E /* TestOUITests.swift */,
				8D9FF5592108567B00A0124E /* Info.plist */,
			);
			path = TestOUITests;
			sourceTree = "<group>";
		};
/* End PBXGroup section */

/* Begin PBXNativeTarget section */
		8D9FF5302108567800A0124E /* TestO */ = {
			isa = PBXNativeTarget;
			buildConfigurationList = 8D9FF55C2108567B00A0124E /* Build configuration list for PBXNativeTarget "TestO" */;
			buildPhases = (
				8D9FF52D2108567800A0124E /* Sources */,
				8D9FF52E2108567800A0124E /* Frameworks */,
				8D9FF52F2108567800A0124E /* Resources */,
			);
			buildRules = (
			);
			dependencies = (
			);
			name = TestO;
			productName = TestO;
			productReference = 8D9FF5312108567800A0124E /* TestO.app */;
			productType = "com.apple.product-type.application";
		};
		8D9FF5472108567B00A0124E /* TestOTests */ = {
			isa = PBXNativeTarget;
			buildConfigurationList = 8D9FF55F2108567B00A0124E /* Build configuration list for PBXNativeTarget "TestOTests" */;
			buildPhases = (
				8D9FF5442108567B00A0124E /* Sources */,
				8D9FF5452108567B00A0124E /* Frameworks */,
				8D9FF5462108567B00A0124E /* Resources */,
			);
			buildRules = (
			);
			dependencies = (
				8D9FF54A2108567B00A0124E /* PBXTargetDependency */,
			);
			name = TestOTests;
			productName = TestOTests;
			productReference = 8D9FF5482108567B00A0124E /* TestOTests.xctest */;
			productType = "com.apple.product-type.bundle.unit-test";
		};
		8D9FF5522108567B00A0124E /* TestOUITests */ = {
			isa = PBXNativeTarget;
			buildConfigurationList = 8D9FF5622108567B00A0124E /* Build configuration list for PBXNativeTarget "TestOUITests" */;
			buildPhases = (
				8D9FF54F2108567B00A0124E /* Sources */,
				8D9FF5502108567B00A0124E /* Frameworks */,
				8D9FF5512108567B00A0124E /* Resources */,
			);
			buildRules = (
			);
			dependencies = (
				8D9FF5552108567B00A0124E /* PBXTargetDependency */,
			);
			name = TestOUITests;
			productName = TestOUITests;
			productReference = 8D9FF5532108567B00A0124E /* TestOUITests.xctest */;
			productType = "com.apple.product-type.bundle.ui-testing";
		};
/* End PBXNativeTarget section */

/* Begin PBXProject section */
		8D9FF5292108567800A0124E /* Project object */ = {
			isa = PBXProject;
			attributes = {
				LastSwiftUpdateCheck = 0940;
				LastUpgradeCheck = 0940;
				ORGANIZATIONNAME = "Oottru Technologies";
				TargetAttributes = {
					8D9FF5302108567800A0124E = {
						CreatedOnToolsVersion = 9.4.1;
					};
					8D9FF5472108567B00A0124E = {
						CreatedOnToolsVersion = 9.4.1;
						TestTargetID = 8D9FF5302108567800A0124E;
					};
					8D9FF5522108567B00A0124E = {
						CreatedOnToolsVersion = 9.4.1;
						TestTargetID = 8D9FF5302108567800A0124E;
					};
				};
			};
			buildConfigurationList = 8D9FF52C2108567800A0124E /* Build configuration list for PBXProject "TestO" */;
			compatibilityVersion = "Xcode 9.3";
			developmentRegion = en;
			hasScannedForEncodings = 0;
			knownRegions = (
				en,
				Base,
			);
			mainGroup = 8D9FF5282108567800A0124E;
			productRefGroup = 8D9FF5322108567800A0124E /* Products */;
			projectDirPath = "";
			projectRoot = "";
			targets = (
				8D9FF5302108567800A0124E /* TestO */,
				8D9FF5472108567B00A0124E /* TestOTests */,
				8D9FF5522108567B00A0124E /* TestOUITests */,
			);
		};
/* End PBXProject section */

/* Begin PBXResourcesBuildPhase section */
		8D9FF52F2108567800A0124E /* Resources */ = {
			isa = PBXResourcesBuildPhase;
			buildActionMask = 2147483647;
			files = (
				8D9FF5422108567B00A0124E /* LaunchScreen.storyboard in Resources */,
				8D9FF53F2108567B00A0124E /* Assets.xcassets in Resources */,
				8D9FF53A2108567800A0124E /* Main.storyboard in Resources */,
			);
			runOnlyForDeploymentPostprocessing = 0;
		};
		8D9FF5462108567B00A0124E /* Resources */ = {
			isa = PBXResourcesBuildPhase;
			buildActionMask = 2147483647;
			files = (
			);
			runOnlyForDeploymentPostprocessing = 0;
		};
		8D9FF5512108567B00A0124E /* Resources */ = {
			isa = PBXResourcesBuildPhase;
			buildActionMask = 2147483647;
			files = (
			);
			runOnlyForDeploymentPostprocessing = 0;
		};
/* End PBXResourcesBuildPhase section */

/* Begin PBXSourcesBuildPhase section */
		8D9FF52D2108567800A0124E /* Sources */ = {
			isa = PBXSourcesBuildPhase;
			buildActionMask = 2147483647;
			files = (
				8D9FF53D2108567800A0124E /* TestO.xcdatamodeld in Sources */,
				8D9FF5372108567800A0124E /* ViewController.swift in Sources */,
				8D5FFA1F219EC8B500B0B1C5 /* ActivityIndicatorManager.swift in Sources */,
				8D5FFA1E219EC8B500B0B1C5 /* AlertManager.swift in Sources */,
				8D9FF5352108567800A0124E /* AppDelegate.swift in Sources */,
			);
			runOnlyForDeploymentPostprocessing = 0;
		};
		8D9FF5442108567B00A0124E /* Sources */ = {
			isa = PBXSourcesBuildPhase;
			buildActionMask = 2147483647;
			files = (
				8D5FFA15219EC8A000B0B1C5 /* TestAlertManager.swift in Sources */,
				8D5FFA14219EC8A000B0B1C5 /* TestActivityManager.swift in Sources */,
			);
			runOnlyForDeploymentPostprocessing = 0;
		};
		8D9FF54F2108567B00A0124E /* Sources */ = {
			isa = PBXSourcesBuildPhase;
			buildActionMask = 2147483647;
			files = (
				8D9FF5582108567B00A0124E /* TestOUITests.swift in Sources */,
			);
			runOnlyForDeploymentPostprocessing = 0;
		};
/* End PBXSourcesBuildPhase section */

/* Begin PBXTargetDependency section */
		8D9FF54A2108567B00A0124E /* PBXTargetDependency */ = {
			isa = PBXTargetDependency;
			target = 8D9FF5302108567800A0124E /* TestO */;
			targetProxy = 8D9FF5492108567B00A0124E /* PBXContainerItemProxy */;
		};
		8D9FF5552108567B00A0124E /* PBXTargetDependency */ = {
			isa = PBXTargetDependency;
			target = 8D9FF5302108567800A0124E /* TestO */;
			targetProxy = 8D9FF5542108567B00A0124E /* PBXContainerItemProxy */;
		};
/* End PBXTargetDependency section */

/* Begin PBXVariantGroup section */
		8D9FF5382108567800A0124E /* Main.storyboard */ = {
			isa = PBXVariantGroup;
			children = (
				8D9FF5392108567800A0124E /* Base */,
			);
			name = Main.storyboard;
			sourceTree = "<group>";
		};
		8D9FF5402108567B00A0124E /* LaunchScreen.storyboard */ = {
			isa = PBXVariantGroup;
			children = (
				8D9FF5412108567B00A0124E /* Base */,
			);
			name = LaunchScreen.storyboard;
			sourceTree = "<group>";
		};
/* End PBXVariantGroup section */

/* Begin XCBuildConfiguration section */
		8D9FF55A2108567B00A0124E /* Debug */ = {
			isa = XCBuildConfiguration;
			buildSettings = {
				ALWAYS_SEARCH_USER_PATHS = NO;
				CLANG_ANALYZER_NONNULL = YES;
				CLANG_ANALYZER_NUMBER_OBJECT_CONVERSION = YES_AGGRESSIVE;
				CLANG_CXX_LANGUAGE_STANDARD = "gnu++14";
				CLANG_CXX_LIBRARY = "libc++";
				CLANG_ENABLE_MODULES = YES;
				CLANG_ENABLE_OBJC_ARC = YES;
				CLANG_ENABLE_OBJC_WEAK = YES;
				CLANG_WARN_BLOCK_CAPTURE_AUTORELEASING = YES;
				CLANG_WARN_BOOL_CONVERSION = YES;
				CLANG_WARN_COMMA = YES;
				CLANG_WARN_CONSTANT_CONVERSION = YES;
				CLANG_WARN_DEPRECATED_OBJC_IMPLEMENTATIONS = YES;
				CLANG_WARN_DIRECT_OBJC_ISA_USAGE = YES_ERROR;
				CLANG_WARN_DOCUMENTATION_COMMENTS = YES;
				CLANG_WARN_EMPTY_BODY = YES;
				CLANG_WARN_ENUM_CONVERSION = YES;
				CLANG_WARN_INFINITE_RECURSION = YES;
				CLANG_WARN_INT_CONVERSION = YES;
				CLANG_WARN_NON_LITERAL_NULL_CONVERSION = YES;
				CLANG_WARN_OBJC_IMPLICIT_RETAIN_SELF = YES;
				CLANG_WARN_OBJC_LITERAL_CONVERSION = YES;
				CLANG_WARN_OBJC_ROOT_CLASS = YES_ERROR;
				CLANG_WARN_RANGE_LOOP_ANALYSIS = YES;
				CLANG_WARN_STRICT_PROTOTYPES = YES;
				CLANG_WARN_SUSPICIOUS_MOVE = YES;
				CLANG_WARN_UNGUARDED_AVAILABILITY = YES_AGGRESSIVE;
				CLANG_WARN_UNREACHABLE_CODE = YES;
				CLANG_WARN__DUPLICATE_METHOD_MATCH = YES;
				CODE_SIGN_IDENTITY = "iPhone Developer";
				COPY_PHASE_STRIP = NO;
				DEBUG_INFORMATION_FORMAT = dwarf;
				ENABLE_STRICT_OBJC_MSGSEND = YES;
				ENABLE_TESTABILITY = YES;
				GCC_C_LANGUAGE_STANDARD = gnu11;
				GCC_DYNAMIC_NO_PIC = NO;
				GCC_NO_COMMON_BLOCKS = YES;
				GCC_OPTIMIZATION_LEVEL = 0;
				GCC_PREPROCESSOR_DEFINITIONS = (
					"DEBUG=1",
					"$(inherited)",
				);
				GCC_WARN_64_TO_32_BIT_CONVERSION = YES;
				GCC_WARN_ABOUT_RETURN_TYPE = YES_ERROR;
				GCC_WARN_UNDECLARED_SELECTOR = YES;
				GCC_WARN_UNINITIALIZED_AUTOS = YES_AGGRESSIVE;
				GCC_WARN_UNUSED_FUNCTION = YES;
				GCC_WARN_UNUSED_VARIABLE = YES;
				IPHONEOS_DEPLOYMENT_TARGET = 10.0;
				MTL_ENABLE_DEBUG_INFO = YES;
				ONLY_ACTIVE_ARCH = YES;
				SDKROOT = iphoneos;
				SWIFT_ACTIVE_COMPILATION_CONDITIONS = DEBUG;
				SWIFT_OPTIMIZATION_LEVEL = "-Onone";
			};
			name = Debug;
		};
		8D9FF55B2108567B00A0124E /* Release */ = {
			isa = XCBuildConfiguration;
			buildSettings = {
				ALWAYS_SEARCH_USER_PATHS = NO;
				CLANG_ANALYZER_NONNULL = YES;
				CLANG_ANALYZER_NUMBER_OBJECT_CONVERSION = YES_AGGRESSIVE;
				CLANG_CXX_LANGUAGE_STANDARD = "gnu++14";
				CLANG_CXX_LIBRARY = "libc++";
				CLANG_ENABLE_MODULES = YES;
				CLANG_ENABLE_OBJC_ARC = YES;
				CLANG_ENABLE_OBJC_WEAK = YES;
				CLANG_WARN_BLOCK_CAPTURE_AUTORELEASING = YES;
				CLANG_WARN_BOOL_CONVERSION = YES;
				CLANG_WARN_COMMA = YES;
				CLANG_WARN_CONSTANT_CONVERSION = YES;
				CLANG_WARN_DEPRECATED_OBJC_IMPLEMENTATIONS = YES;
				CLANG_WARN_DIRECT_OBJC_ISA_USAGE = YES_ERROR;
				CLANG_WARN_DOCUMENTATION_COMMENTS = YES;
				CLANG_WARN_EMPTY_BODY = YES;
				CLANG_WARN_ENUM_CONVERSION = YES;
				CLANG_WARN_INFINITE_RECURSION = YES;
				CLANG_WARN_INT_CONVERSION = YES;
				CLANG_WARN_NON_LITERAL_NULL_CONVERSION = YES;
				CLANG_WARN_OBJC_IMPLICIT_RETAIN_SELF = YES;
				CLANG_WARN_OBJC_LITERAL_CONVERSION = YES;
				CLANG_WARN_OBJC_ROOT_CLASS = YES_ERROR;
				CLANG_WARN_RANGE_LOOP_ANALYSIS = YES;
				CLANG_WARN_STRICT_PROTOTYPES = YES;
				CLANG_WARN_SUSPICIOUS_MOVE = YES;
				CLANG_WARN_UNGUARDED_AVAILABILITY = YES_AGGRESSIVE;
				CLANG_WARN_UNREACHABLE_CODE = YES;
				CLANG_WARN__DUPLICATE_METHOD_MATCH = YES;
				CODE_SIGN_IDENTITY = "iPhone Developer";
				COPY_PHASE_STRIP = NO;
				DEBUG_INFORMATION_FORMAT = "dwarf-with-dsym";
				ENABLE_NS_ASSERTIONS = NO;
				ENABLE_STRICT_OBJC_MSGSEND = YES;
				GCC_C_LANGUAGE_STANDARD = gnu11;
				GCC_NO_COMMON_BLOCKS = YES;
				GCC_WARN_64_TO_32_BIT_CONVERSION = YES;
				GCC_WARN_ABOUT_RETURN_TYPE = YES_ERROR;
				GCC_WARN_UNDECLARED_SELECTOR = YES;
				GCC_WARN_UNINITIALIZED_AUTOS = YES_AGGRESSIVE;
				GCC_WARN_UNUSED_FUNCTION = YES;
				GCC_WARN_UNUSED_VARIABLE = YES;
				IPHONEOS_DEPLOYMENT_TARGET = 10.0;
				MTL_ENABLE_DEBUG_INFO = NO;
				SDKROOT = iphoneos;
				SWIFT_COMPILATION_MODE = wholemodule;
				SWIFT_OPTIMIZATION_LEVEL = "-O";
				VALIDATE_PRODUCT = YES;
			};
			name = Release;
		};
		8D9FF55D2108567B00A0124E /* Debug */ = {
			isa = XCBuildConfiguration;
			buildSettings = {
				ASSETCATALOG_COMPILER_APPICON_NAME = AppIcon;
				CODE_SIGN_STYLE = Manual;
				DEVELOPMENT_TEAM = "";
				INFOPLIST_FILE = TestO/Info.plist;
				IPHONEOS_DEPLOYMENT_TARGET = 10.0;
				LD_RUNPATH_SEARCH_PATHS = (
					"$(inherited)",
					"@executable_path/Frameworks",
				);
				PRODUCT_BUNDLE_IDENTIFIER = com.cricut.TestO;
				PRODUCT_NAME = "$(TARGET_NAME)";
				PROVISIONING_PROFILE_SPECIFIER = "";
				SWIFT_VERSION = 4.0;
				TARGETED_DEVICE_FAMILY = 1;
			};
			name = Debug;
		};
		8D9FF55E2108567B00A0124E /* Release */ = {
			isa = XCBuildConfiguration;
			buildSettings = {
				ASSETCATALOG_COMPILER_APPICON_NAME = AppIcon;
				CODE_SIGN_STYLE = Manual;
				DEVELOPMENT_TEAM = "";
				INFOPLIST_FILE = TestO/Info.plist;
				IPHONEOS_DEPLOYMENT_TARGET = 10.0;
				LD_RUNPATH_SEARCH_PATHS = (
					"$(inherited)",
					"@executable_path/Frameworks",
				);
				PRODUCT_BUNDLE_IDENTIFIER = com.cricut.TestO;
				PRODUCT_NAME = "$(TARGET_NAME)";
				PROVISIONING_PROFILE_SPECIFIER = "";
				SWIFT_VERSION = 4.0;
				TARGETED_DEVICE_FAMILY = 1;
			};
			name = Release;
		};
		8D9FF5602108567B00A0124E /* Debug */ = {
			isa = XCBuildConfiguration;
			buildSettings = {
				ALWAYS_EMBED_SWIFT_STANDARD_LIBRARIES = YES;
				BUNDLE_LOADER = "$(TEST_HOST)";
				CODE_SIGN_STYLE = Automatic;
				INFOPLIST_FILE = TestOTests/Info.plist;
				LD_RUNPATH_SEARCH_PATHS = (
					"$(inherited)",
					"@executable_path/Frameworks",
					"@loader_path/Frameworks",
				);
				PRODUCT_BUNDLE_IDENTIFIER = com.cricut.TestOTests;
				PRODUCT_NAME = "$(TARGET_NAME)";
				SWIFT_VERSION = 4.0;
				TARGETED_DEVICE_FAMILY = "1,2";
				TEST_HOST = "$(BUILT_PRODUCTS_DIR)/TestO.app/TestO";
			};
			name = Debug;
		};
		8D9FF5612108567B00A0124E /* Release */ = {
			isa = XCBuildConfiguration;
			buildSettings = {
				ALWAYS_EMBED_SWIFT_STANDARD_LIBRARIES = YES;
				BUNDLE_LOADER = "$(TEST_HOST)";
				CODE_SIGN_STYLE = Automatic;
				INFOPLIST_FILE = TestOTests/Info.plist;
				LD_RUNPATH_SEARCH_PATHS = (
					"$(inherited)",
					"@executable_path/Frameworks",
					"@loader_path/Frameworks",
				);
				PRODUCT_BUNDLE_IDENTIFIER = com.cricut.TestOTests;
				PRODUCT_NAME = "$(TARGET_NAME)";
				SWIFT_VERSION = 4.0;
				TARGETED_DEVICE_FAMILY = "1,2";
				TEST_HOST = "$(BUILT_PRODUCTS_DIR)/TestO.app/TestO";
			};
			name = Release;
		};
		8D9FF5632108567B00A0124E /* Debug */ = {
			isa = XCBuildConfiguration;
			buildSettings = {
				ALWAYS_EMBED_SWIFT_STANDARD_LIBRARIES = YES;
				CODE_SIGN_STYLE = Automatic;
				INFOPLIST_FILE = TestOUITests/Info.plist;
				LD_RUNPATH_SEARCH_PATHS = (
					"$(inherited)",
					"@executable_path/Frameworks",
					"@loader_path/Frameworks",
				);
				PRODUCT_BUNDLE_IDENTIFIER = com.cricut.TestOUITests;
				PRODUCT_NAME = "$(TARGET_NAME)";
				SWIFT_VERSION = 4.0;
				TARGETED_DEVICE_FAMILY = "1,2";
				TEST_TARGET_NAME = TestO;
			};
			name = Debug;
		};
		8D9FF5642108567B00A0124E /* Release */ = {
			isa = XCBuildConfiguration;
			buildSettings = {
				ALWAYS_EMBED_SWIFT_STANDARD_LIBRARIES = YES;
				CODE_SIGN_STYLE = Automatic;
				INFOPLIST_FILE = TestOUITests/Info.plist;
				LD_RUNPATH_SEARCH_PATHS = (
					"$(inherited)",
					"@executable_path/Frameworks",
					"@loader_path/Frameworks",
				);
				PRODUCT_BUNDLE_IDENTIFIER = com.cricut.TestOUITests;
				PRODUCT_NAME = "$(TARGET_NAME)";
				SWIFT_VERSION = 4.0;
				TARGETED_DEVICE_FAMILY = "1,2";
				TEST_TARGET_NAME = TestO;
			};
			name = Release;
		};
/* End XCBuildConfiguration section */

/* Begin XCConfigurationList section */
		8D9FF52C2108567800A0124E /* Build configuration list for PBXProject "TestO" */ = {
			isa = XCConfigurationList;
			buildConfigurations = (
				8D9FF55A2108567B00A0124E /* Debug */,
				8D9FF55B2108567B00A0124E /* Release */,
			);
			defaultConfigurationIsVisible = 0;
			defaultConfigurationName = Release;
		};
		8D9FF55C2108567B00A0124E /* Build configuration list for PBXNativeTarget "TestO" */ = {
			isa = XCConfigurationList;
			buildConfigurations = (
				8D9FF55D2108567B00A0124E /* Debug */,
				8D9FF55E2108567B00A0124E /* Release */,
			);
			defaultConfigurationIsVisible = 0;
			defaultConfigurationName = Release;
		};
		8D9FF55F2108567B00A0124E /* Build configuration list for PBXNativeTarget "TestOTests" */ = {
			isa = XCConfigurationList;
			buildConfigurations = (
				8D9FF5602108567B00A0124E /* Debug */,
				8D9FF5612108567B00A0124E /* Release */,
			);
			defaultConfigurationIsVisible = 0;
			defaultConfigurationName = Release;
		};
		8D9FF5622108567B00A0124E /* Build configuration list for PBXNativeTarget "TestOUITests" */ = {
			isa = XCConfigurationList;
			buildConfigurations = (
				8D9FF5632108567B00A0124E /* Debug */,
				8D9FF5642108567B00A0124E /* Release */,
			);
			defaultConfigurationIsVisible = 0;
			defaultConfigurationName = Release;
		};
/* End XCConfigurationList section */

/* Begin XCVersionGroup section */
		8D9FF53B2108567800A0124E /* TestO.xcdatamodeld */ = {
			isa = XCVersionGroup;
			children = (
				8D9FF53C2108567800A0124E /* TestO.xcdatamodel */,
			);
			currentVersion = 8D9FF53C2108567800A0124E /* TestO.xcdatamodel */;
			path = TestO.xcdatamodeld;
			sourceTree = "<group>";
			versionGroupType = wrapper.xcdatamodel;
		};
/* End XCVersionGroup section */
	};
	rootObject = 8D9FF5292108567800A0124E /* Project object */;
}
